dependencies:
- name: product
  repository: file://../components/product
  version: 0.1.0
- name: config-server
  repository: file://../components/config-server
  version: 0.1.0
- name: product-composite
  repository: file://../components/product-composite
  version: 0.1.0
digest: sha256:08f2314e76ae4187d8a647a179b9f5b7a00735321c139d875aa3249d4819b1ba
generated: "2024-07-18T20:30:58.5433924+03:30"
